<?xml version="1.0" encoding="utf-8"?>
<Project ToolsVersion="4.0" xmlns="http://schemas.microsoft.com/developer/msbuild/2003">
  <ItemGroup>
    <Filter Include="SMENG">
      <UniqueIdentifier>{FF5A080E-6B6F-30BF-34F1-D31EA0C42CF0}</UniqueIdentifier>
    </Filter>
  </ItemGroup>
  <ItemGroup>
    <ClInclude Include="src\SMENG.h" />
    <ClInclude Include="src\SMENG\Application.h">
      <Filter>SMENG</Filter>
    </ClInclude>
    <ClInclude Include="src\SMENG\Core.h">
      <Filter>SMENG</Filter>
    </ClInclude>
    <ClInclude Include="src\SMENG\EntryPoint.h">
      <Filter>SMENG</Filter>
    </ClInclude>
    <ClInclude Include="src\SMENG\Log.h">
      <Filter>SMENG</Filter>
    </ClInclude>
  </ItemGroup>
  <ItemGroup>
    <ClCompile Include="src\SMENG\Application.cpp">
      <Filter>SMENG</Filter>
    </ClCompile>
    <ClCompile Include="src\SMENG\Log.cpp">
      <Filter>SMENG</Filter>
    </ClCompile>
  </ItemGroup>
</Project>